{
  "name": "strnum-runtime-closure",
  "version": "2.4.2",
  "lockfileVersion": 3,
  "requires": true,
  "packages": {
    "": {
      "name": "strnum-runtime-closure",
      "version": "2.4.2",
      "dependencies": {
        "anynum": "1.0.1"
      }
    },
    "node_modules/anynum": {
      "version": "1.0.1",
      "resolved": "https://registry.npmjs.org/anynum/-/anynum-1.0.1.tgz",
      "integrity": "sha512-N6//FLET/tXYNM/F6ABca1oH6fWB+KlTt909Le28WMDBk8oaT4vY17DCrwg2MvmuqUKt3Ni4N5dGJ/EoBgcO6A==",
      "funding": [
        {
          "type": "github",
          "url": "https://github.com/sponsors/NaturalIntelligence"
        }
      ],
      "license": "MIT"
    }
  }
}
