{
  "name": "get-stream",
  "version": "9.0.1",
  "lockfileVersion": 3,
  "requires": true,
  "packages": {
    "": {
      "name": "get-stream",
      "version": "9.0.1",
      "license": "MIT",
      "dependencies": {
        "@sec-ant/readable-stream": "^0.6.0",
        "is-stream": "^4.0.1"
      },
      "engines": {
        "node": ">=18"
      }
    },
    "node_modules/@sec-ant/readable-stream": {
      "version": "0.6.1",
      "resolved": "https://registry.npmjs.org/@sec-ant/readable-stream/-/readable-stream-0.6.1.tgz",
      "integrity": "sha512-dr6XYxZdp5PU+dqnnfI2cNgzLv+YMu5F1RSZDkHIisysUBAqYwfrXz42HhFvGE5UTzaa/E8Nwl50zMCrjL18CQ==",
      "license": "MIT"
    },
    "node_modules/is-stream": {
      "version": "4.0.1",
      "resolved": "https://registry.npmjs.org/is-stream/-/is-stream-4.0.1.tgz",
      "integrity": "sha512-Dnz92NInDqYckGEUJv689RbRiTSEHCQ7wOVeALbkOz999YpqT46yMRIGtSNl2iCL1waAZSx40+h59NV/EwzV/A==",
      "license": "MIT",
      "engines": {
        "node": ">=18"
      },
      "funding": {
        "url": "https://github.com/sponsors/sindresorhus"
      }
    }
  }
}
